<Solution>
  <Folder Name="/api/">
    <Project Path="api/DocuChat.API/DocuChat.API.csproj" />
    <Project Path="api/DocuChat.Application/DocuChat.Application.csproj" />
    <Project Path="api/DocuChat.Domain/DocuChat.Domain.csproj" />
    <Project Path="api/DocuChat.Infrastructure/DocuChat.Infrastructure.csproj" />
  </Folder>
</Solution>
